
Microsoft Visual Studio Solution File, Format Version 12.00
# Visual Studio Version 16
VisualStudioVersion = 16.0.810.25
MinimumVisualStudioVersion = 10.0.40219.1
Project("{FAE04EC0-301F-11D3-BF4B-00C04F79EFBC}") = "ParcelCompany", "ParcelCompany.csproj", "{325CCAC3-9322-4C72-9085-7A1B2D3372E7}"
EndProject
Global
	GlobalSection(SolutionConfigurationPlatforms) = preSolution
		Debug|Any CPU = Debug|Any CPU
		Release|Any CPU = Release|Any CPU
	EndGlobalSection
	GlobalSection(ProjectConfigurationPlatforms) = postSolution
		{325CCAC3-9322-4C72-9085-7A1B2D3372E7}.Debug|Any CPU.ActiveCfg = Debug|Any CPU
		{325CCAC3-9322-4C72-9085-7A1B2D3372E7}.Debug|Any CPU.Build.0 = Debug|Any CPU
		{325CCAC3-9322-4C72-9085-7A1B2D3372E7}.Release|Any CPU.ActiveCfg = Release|Any CPU
		{325CCAC3-9322-4C72-9085-7A1B2D3372E7}.Release|Any CPU.Build.0 = Release|Any CPU
	EndGlobalSection
	GlobalSection(SolutionProperties) = preSolution
		HideSolutionNode = FALSE
	EndGlobalSection
	GlobalSection(ExtensibilityGlobals) = postSolution
		SolutionGuid = {D0A4B62C-F604-45FF-A363-078EFE273980}
	EndGlobalSection
EndGlobal
